// !$*UTF8*$!
{
	archiveVersion = 1;
	classes = {
	};
	objectVersion = 56;
	objects = {

/* Begin PBXBuildFile section */
		2EE543542963395D0000DA21 /* SwiftUIDemoApp.swift in Sources */ = {isa = PBXBuildFile; fileRef = 2EE543532963395D0000DA21 /* SwiftUIDemoApp.swift */; };
		2EE543562963395D0000DA21 /* ListView.swift in Sources */ = {isa = PBXBuildFile; fileRef = 2EE543552963395D0000DA21 /* ListView.swift */; };
		2EE543582963395E0000DA21 /* Assets.xcassets in Resources */ = {isa = PBXBuildFile; fileRef = 2EE543572963395E0000DA21 /* Assets.xcassets */; };
		2EE5435C2963395E0000DA21 /* Preview Assets.xcassets in Resources */ = {isa = PBXBuildFile; fileRef = 2EE5435B2963395E0000DA21 /* Preview Assets.xcassets */; };
		2EE543662963395E0000DA21 /* SwiftUIDemoTests.swift in Sources */ = {isa = PBXBuildFile; fileRef = 2EE543652963395E0000DA21 /* SwiftUIDemoTests.swift */; };
		2EE543702963395F0000DA21 /* SwiftUIDemoUITests.swift in Sources */ = {isa = PBXBuildFile; fileRef = 2EE5436F2963395F0000DA21 /* SwiftUIDemoUITests.swift */; };
		2EE543722963395F0000DA21 /* SwiftUIDemoUITestsLaunchTests.swift in Sources */ = {isa = PBXBuildFile; fileRef = 2EE543712963395F0000DA21 /* SwiftUIDemoUITestsLaunchTests.swift */; };
		2EE5437F29633E090000DA21 /* DataService.swift in Sources */ = {isa = PBXBuildFile; fileRef = 2EE5437E29633E090000DA21 /* DataService.swift */; };
		2EE54381296340830000DA21 /* URLModellable.swift in Sources */ = {isa = PBXBuildFile; fileRef = 2EE54380296340830000DA21 /* URLModellable.swift */; };
		2EE5438429634CF20000DA21 /* ListViewModel.swift in Sources */ = {isa = PBXBuildFile; fileRef = 2EE5438329634CF20000DA21 /* ListViewModel.swift */; };
		2EE5438629634DB00000DA21 /* PeopleRequest.swift in Sources */ = {isa = PBXBuildFile; fileRef = 2EE5438529634DB00000DA21 /* PeopleRequest.swift */; };
		2EE5438829634E500000DA21 /* PeopleModel.swift in Sources */ = {isa = PBXBuildFile; fileRef = 2EE5438729634E500000DA21 /* PeopleModel.swift */; };
		2EE5438C296356E30000DA21 /* ItemView.swift in Sources */ = {isa = PBXBuildFile; fileRef = 2EE5438B296356E30000DA21 /* ItemView.swift */; };
/* End PBXBuildFile section */

/* Begin PBXContainerItemProxy section */
		2EE543622963395E0000DA21 /* PBXContainerItemProxy */ = {
			isa = PBXContainerItemProxy;
			containerPortal = 2EE543482963395D0000DA21 /* Project object */;
			proxyType = 1;
			remoteGlobalIDString = 2EE5434F2963395D0000DA21;
			remoteInfo = SwiftUIDemo;
		};
		2EE5436C2963395F0000DA21 /* PBXContainerItemProxy */ = {
			isa = PBXContainerItemProxy;
			containerPortal = 2EE543482963395D0000DA21 /* Project object */;
			proxyType = 1;
			remoteGlobalIDString = 2EE5434F2963395D0000DA21;
			remoteInfo = SwiftUIDemo;
		};
/* End PBXContainerItemProxy section */

/* Begin PBXFileReference section */
		2EE543502963395D0000DA21 /* SwiftUIDemo.app */ = {isa = PBXFileReference; explicitFileType = wrapper.application; includeInIndex = 0; path = SwiftUIDemo.app; sourceTree = BUILT_PRODUCTS_DIR; };
		2EE543532963395D0000DA21 /* SwiftUIDemoApp.swift */ = {isa = PBXFileReference; lastKnownFileType = sourcecode.swift; path = SwiftUIDemoApp.swift; sourceTree = "<group>"; };
		2EE543552963395D0000DA21 /* ListView.swift */ = {isa = PBXFileReference; lastKnownFileType = sourcecode.swift; path = ListView.swift; sourceTree = "<group>"; };
		2EE543572963395E0000DA21 /* Assets.xcassets */ = {isa = PBXFileReference; lastKnownFileType = folder.assetcatalog; path = Assets.xcassets; sourceTree = "<group>"; };
		2EE543592963395E0000DA21 /* SwiftUIDemo.entitlements */ = {isa = PBXFileReference; lastKnownFileType = text.plist.entitlements; path = SwiftUIDemo.entitlements; sourceTree = "<group>"; };
		2EE5435B2963395E0000DA21 /* Preview Assets.xcassets */ = {isa = PBXFileReference; lastKnownFileType = folder.assetcatalog; path = "Preview Assets.xcassets"; sourceTree = "<group>"; };
		2EE543612963395E0000DA21 /* SwiftUIDemoTests.xctest */ = {isa = PBXFileReference; explicitFileType = wrapper.cfbundle; includeInIndex = 0; path = SwiftUIDemoTests.xctest; sourceTree = BUILT_PRODUCTS_DIR; };
		2EE543652963395E0000DA21 /* SwiftUIDemoTests.swift */ = {isa = PBXFileReference; lastKnownFileType = sourcecode.swift; path = SwiftUIDemoTests.swift; sourceTree = "<group>"; };
		2EE5436B2963395F0000DA21 /* SwiftUIDemoUITests.xctest */ = {isa = PBXFileReference; explicitFileType = wrapper.cfbundle; includeInIndex = 0; path = SwiftUIDemoUITests.xctest; sourceTree = BUILT_PRODUCTS_DIR; };
		2EE5436F2963395F0000DA21 /* SwiftUIDemoUITests.swift */ = {isa = PBXFileReference; lastKnownFileType = sourcecode.swift; path = SwiftUIDemoUITests.swift; sourceTree = "<group>"; };
		2EE543712963395F0000DA21 /* SwiftUIDemoUITestsLaunchTests.swift */ = {isa = PBXFileReference; lastKnownFileType = sourcecode.swift; path = SwiftUIDemoUITestsLaunchTests.swift; sourceTree = "<group>"; };
		2EE5437E29633E090000DA21 /* DataService.swift */ = {isa = PBXFileReference; lastKnownFileType = sourcecode.swift; path = DataService.swift; sourceTree = "<group>"; };
		2EE54380296340830000DA21 /* URLModellable.swift */ = {isa = PBXFileReference; lastKnownFileType = sourcecode.swift; path = URLModellable.swift; sourceTree = "<group>"; };
		2EE5438329634CF20000DA21 /* ListViewModel.swift */ = {isa = PBXFileReference; lastKnownFileType = sourcecode.swift; path = ListViewModel.swift; sourceTree = "<group>"; };
		2EE5438529634DB00000DA21 /* PeopleRequest.swift */ = {isa = PBXFileReference; lastKnownFileType = sourcecode.swift; path = PeopleRequest.swift; sourceTree = "<group>"; };
		2EE5438729634E500000DA21 /* PeopleModel.swift */ = {isa = PBXFileReference; lastKnownFileType = sourcecode.swift; path = PeopleModel.swift; sourceTree = "<group>"; };
		2EE5438B296356E30000DA21 /* ItemView.swift */ = {isa = PBXFileReference; lastKnownFileType = sourcecode.swift; path = ItemView.swift; sourceTree = "<group>"; };
/* End PBXFileReference section */

/* Begin PBXFrameworksBuildPhase section */
		2EE5434D2963395D0000DA21 /* Frameworks */ = {
			isa = PBXFrameworksBuildPhase;
			buildActionMask = 2147483647;
			files = (
			);
			runOnlyForDeploymentPostprocessing = 0;
		};
		2EE5435E2963395E0000DA21 /* Frameworks */ = {
			isa = PBXFrameworksBuildPhase;
			buildActionMask = 2147483647;
			files = (
			);
			runOnlyForDeploymentPostprocessing = 0;
		};
		2EE543682963395F0000DA21 /* Frameworks */ = {
			isa = PBXFrameworksBuildPhase;
			buildActionMask = 2147483647;
			files = (
			);
			runOnlyForDeploymentPostprocessing = 0;
		};
/* End PBXFrameworksBuildPhase section */

/* Begin PBXGroup section */
		2EE543472963395D0000DA21 = {
			isa = PBXGroup;
			children = (
				2EE543522963395D0000DA21 /* SwiftUIDemo */,
				2EE543642963395E0000DA21 /* SwiftUIDemoTests */,
				2EE5436E2963395F0000DA21 /* SwiftUIDemoUITests */,
				2EE543512963395D0000DA21 /* Products */,
			);
			sourceTree = "<group>";
		};
		2EE543512963395D0000DA21 /* Products */ = {
			isa = PBXGroup;
			children = (
				2EE543502963395D0000DA21 /* SwiftUIDemo.app */,
				2EE543612963395E0000DA21 /* SwiftUIDemoTests.xctest */,
				2EE5436B2963395F0000DA21 /* SwiftUIDemoUITests.xctest */,
			);
			name = Products;
			sourceTree = "<group>";
		};
		2EE543522963395D0000DA21 /* SwiftUIDemo */ = {
			isa = PBXGroup;
			children = (
				2EE543532963395D0000DA21 /* SwiftUIDemoApp.swift */,
				2EE54390296359C20000DA21 /* Views */,
				2EE5438F296359B70000DA21 /* ViewModel */,
				2EE5438E296359AE0000DA21 /* Request */,
				2EE5438D296359A80000DA21 /* Model */,
				2EE5438229634CB70000DA21 /* Networking */,
				2EE543572963395E0000DA21 /* Assets.xcassets */,
				2EE543592963395E0000DA21 /* SwiftUIDemo.entitlements */,
				2EE5435A2963395E0000DA21 /* Preview Content */,
			);
			path = SwiftUIDemo;
			sourceTree = "<group>";
		};
		2EE5435A2963395E0000DA21 /* Preview Content */ = {
			isa = PBXGroup;
			children = (
				2EE5435B2963395E0000DA21 /* Preview Assets.xcassets */,
			);
			path = "Preview Content";
			sourceTree = "<group>";
		};
		2EE543642963395E0000DA21 /* SwiftUIDemoTests */ = {
			isa = PBXGroup;
			children = (
				2EE543652963395E0000DA21 /* SwiftUIDemoTests.swift */,
			);
			path = SwiftUIDemoTests;
			sourceTree = "<group>";
		};
		2EE5436E2963395F0000DA21 /* SwiftUIDemoUITests */ = {
			isa = PBXGroup;
			children = (
				2EE5436F2963395F0000DA21 /* SwiftUIDemoUITests.swift */,
				2EE543712963395F0000DA21 /* SwiftUIDemoUITestsLaunchTests.swift */,
			);
			path = SwiftUIDemoUITests;
			sourceTree = "<group>";
		};
		2EE5438229634CB70000DA21 /* Networking */ = {
			isa = PBXGroup;
			children = (
				2EE5437E29633E090000DA21 /* DataService.swift */,
				2EE54380296340830000DA21 /* URLModellable.swift */,
			);
			path = Networking;
			sourceTree = "<group>";
		};
		2EE5438D296359A80000DA21 /* Model */ = {
			isa = PBXGroup;
			children = (
				2EE5438729634E500000DA21 /* PeopleModel.swift */,
			);
			path = Model;
			sourceTree = "<group>";
		};
		2EE5438E296359AE0000DA21 /* Request */ = {
			isa = PBXGroup;
			children = (
				2EE5438529634DB00000DA21 /* PeopleRequest.swift */,
			);
			path = Request;
			sourceTree = "<group>";
		};
		2EE5438F296359B70000DA21 /* ViewModel */ = {
			isa = PBXGroup;
			children = (
				2EE5438329634CF20000DA21 /* ListViewModel.swift */,
			);
			path = ViewModel;
			sourceTree = "<group>";
		};
		2EE54390296359C20000DA21 /* Views */ = {
			isa = PBXGroup;
			children = (
				2EE543552963395D0000DA21 /* ListView.swift */,
				2EE5438B296356E30000DA21 /* ItemView.swift */,
			);
			path = Views;
			sourceTree = "<group>";
		};
/* End PBXGroup section */

/* Begin PBXNativeTarget section */
		2EE5434F2963395D0000DA21 /* SwiftUIDemo */ = {
			isa = PBXNativeTarget;
			buildConfigurationList = 2EE543752963395F0000DA21 /* Build configuration list for PBXNativeTarget "SwiftUIDemo" */;
			buildPhases = (
				2EE5434C2963395D0000DA21 /* Sources */,
				2EE5434D2963395D0000DA21 /* Frameworks */,
				2EE5434E2963395D0000DA21 /* Resources */,
			);
			buildRules = (
			);
			dependencies = (
			);
			name = SwiftUIDemo;
			productName = SwiftUIDemo;
			productReference = 2EE543502963395D0000DA21 /* SwiftUIDemo.app */;
			productType = "com.apple.product-type.application";
		};
		2EE543602963395E0000DA21 /* SwiftUIDemoTests */ = {
			isa = PBXNativeTarget;
			buildConfigurationList = 2EE543782963395F0000DA21 /* Build configuration list for PBXNativeTarget "SwiftUIDemoTests" */;
			buildPhases = (
				2EE5435D2963395E0000DA21 /* Sources */,
				2EE5435E2963395E0000DA21 /* Frameworks */,
				2EE5435F2963395E0000DA21 /* Resources */,
			);
			buildRules = (
			);
			dependencies = (
				2EE543632963395E0000DA21 /* PBXTargetDependency */,
			);
			name = SwiftUIDemoTests;
			productName = SwiftUIDemoTests;
			productReference = 2EE543612963395E0000DA21 /* SwiftUIDemoTests.xctest */;
			productType = "com.apple.product-type.bundle.unit-test";
		};
		2EE5436A2963395F0000DA21 /* SwiftUIDemoUITests */ = {
			isa = PBXNativeTarget;
			buildConfigurationList = 2EE5437B2963395F0000DA21 /* Build configuration list for PBXNativeTarget "SwiftUIDemoUITests" */;
			buildPhases = (
				2EE543672963395F0000DA21 /* Sources */,
				2EE543682963395F0000DA21 /* Frameworks */,
				2EE543692963395F0000DA21 /* Resources */,
			);
			buildRules = (
			);
			dependencies = (
				2EE5436D2963395F0000DA21 /* PBXTargetDependency */,
			);
			name = SwiftUIDemoUITests;
			productName = SwiftUIDemoUITests;
			productReference = 2EE5436B2963395F0000DA21 /* SwiftUIDemoUITests.xctest */;
			productType = "com.apple.product-type.bundle.ui-testing";
		};
/* End PBXNativeTarget section */

/* Begin PBXProject section */
		2EE543482963395D0000DA21 /* Project object */ = {
			isa = PBXProject;
			attributes = {
				BuildIndependentTargetsInParallel = 1;
				LastSwiftUpdateCheck = 1400;
				LastUpgradeCheck = 1400;
				TargetAttributes = {
					2EE5434F2963395D0000DA21 = {
						CreatedOnToolsVersion = 14.0.1;
					};
					2EE543602963395E0000DA21 = {
						CreatedOnToolsVersion = 14.0.1;
						TestTargetID = 2EE5434F2963395D0000DA21;
					};
					2EE5436A2963395F0000DA21 = {
						CreatedOnToolsVersion = 14.0.1;
						TestTargetID = 2EE5434F2963395D0000DA21;
					};
				};
			};
			buildConfigurationList = 2EE5434B2963395D0000DA21 /* Build configuration list for PBXProject "SwiftUIDemo" */;
			compatibilityVersion = "Xcode 14.0";
			developmentRegion = en;
			hasScannedForEncodings = 0;
			knownRegions = (
				en,
				Base,
			);
			mainGroup = 2EE543472963395D0000DA21;
			productRefGroup = 2EE543512963395D0000DA21 /* Products */;
			projectDirPath = "";
			projectRoot = "";
			targets = (
				2EE5434F2963395D0000DA21 /* SwiftUIDemo */,
				2EE543602963395E0000DA21 /* SwiftUIDemoTests */,
				2EE5436A2963395F0000DA21 /* SwiftUIDemoUITests */,
			);
		};
/* End PBXProject section */

/* Begin PBXResourcesBuildPhase section */
		2EE5434E2963395D0000DA21 /* Resources */ = {
			isa = PBXResourcesBuildPhase;
			buildActionMask = 2147483647;
			files = (
				2EE5435C2963395E0000DA21 /* Preview Assets.xcassets in Resources */,
				2EE543582963395E0000DA21 /* Assets.xcassets in Resources */,
			);
			runOnlyForDeploymentPostprocessing = 0;
		};
		2EE5435F2963395E0000DA21 /* Resources */ = {
			isa = PBXResourcesBuildPhase;
			buildActionMask = 2147483647;
			files = (
			);
			runOnlyForDeploymentPostprocessing = 0;
		};
		2EE543692963395F0000DA21 /* Resources */ = {
			isa = PBXResourcesBuildPhase;
			buildActionMask = 2147483647;
			files = (
			);
			runOnlyForDeploymentPostprocessing = 0;
		};
/* End PBXResourcesBuildPhase section */

/* Begin PBXSourcesBuildPhase section */
		2EE5434C2963395D0000DA21 /* Sources */ = {
			isa = PBXSourcesBuildPhase;
			buildActionMask = 2147483647;
			files = (
				2EE5438629634DB00000DA21 /* PeopleRequest.swift in Sources */,
				2EE5438429634CF20000DA21 /* ListViewModel.swift in Sources */,
				2EE5437F29633E090000DA21 /* DataService.swift in Sources */,
				2EE5438C296356E30000DA21 /* ItemView.swift in Sources */,
				2EE5438829634E500000DA21 /* PeopleModel.swift in Sources */,
				2EE543562963395D0000DA21 /* ListView.swift in Sources */,
				2EE54381296340830000DA21 /* URLModellable.swift in Sources */,
				2EE543542963395D0000DA21 /* SwiftUIDemoApp.swift in Sources */,
			);
			runOnlyForDeploymentPostprocessing = 0;
		};
		2EE5435D2963395E0000DA21 /* Sources */ = {
			isa = PBXSourcesBuildPhase;
			buildActionMask = 2147483647;
			files = (
				2EE543662963395E0000DA21 /* SwiftUIDemoTests.swift in Sources */,
			);
			runOnlyForDeploymentPostprocessing = 0;
		};
		2EE543672963395F0000DA21 /* Sources */ = {
			isa = PBXSourcesBuildPhase;
			buildActionMask = 2147483647;
			files = (
				2EE543702963395F0000DA21 /* SwiftUIDemoUITests.swift in Sources */,
				2EE543722963395F0000DA21 /* SwiftUIDemoUITestsLaunchTests.swift in Sources */,
			);
			runOnlyForDeploymentPostprocessing = 0;
		};
/* End PBXSourcesBuildPhase section */

/* Begin PBXTargetDependency section */
		2EE543632963395E0000DA21 /* PBXTargetDependency */ = {
			isa = PBXTargetDependency;
			target = 2EE5434F2963395D0000DA21 /* SwiftUIDemo */;
			targetProxy = 2EE543622963395E0000DA21 /* PBXContainerItemProxy */;
		};
		2EE5436D2963395F0000DA21 /* PBXTargetDependency */ = {
			isa = PBXTargetDependency;
			target = 2EE5434F2963395D0000DA21 /* SwiftUIDemo */;
			targetProxy = 2EE5436C2963395F0000DA21 /* PBXContainerItemProxy */;
		};
/* End PBXTargetDependency section */

/* Begin XCBuildConfiguration section */
		2EE543732963395F0000DA21 /* Debug */ = {
			isa = XCBuildConfiguration;
			buildSettings = {
				ALWAYS_SEARCH_USER_PATHS = NO;
				CLANG_ANALYZER_NONNULL = YES;
				CLANG_ANALYZER_NUMBER_OBJECT_CONVERSION = YES_AGGRESSIVE;
				CLANG_CXX_LANGUAGE_STANDARD = "gnu++20";
				CLANG_ENABLE_MODULES = YES;
				CLANG_ENABLE_OBJC_ARC = YES;
				CLANG_ENABLE_OBJC_WEAK = YES;
				CLANG_WARN_BLOCK_CAPTURE_AUTORELEASING = YES;
				CLANG_WARN_BOOL_CONVERSION = YES;
				CLANG_WARN_COMMA = YES;
				CLANG_WARN_CONSTANT_CONVERSION = YES;
				CLANG_WARN_DEPRECATED_OBJC_IMPLEMENTATIONS = YES;
				CLANG_WARN_DIRECT_OBJC_ISA_USAGE = YES_ERROR;
				CLANG_WARN_DOCUMENTATION_COMMENTS = YES;
				CLANG_WARN_EMPTY_BODY = YES;
				CLANG_WARN_ENUM_CONVERSION = YES;
				CLANG_WARN_INFINITE_RECURSION = YES;
				CLANG_WARN_INT_CONVERSION = YES;
				CLANG_WARN_NON_LITERAL_NULL_CONVERSION = YES;
				CLANG_WARN_OBJC_IMPLICIT_RETAIN_SELF = YES;
				CLANG_WARN_OBJC_LITERAL_CONVERSION = YES;
				CLANG_WARN_OBJC_ROOT_CLASS = YES_ERROR;
				CLANG_WARN_QUOTED_INCLUDE_IN_FRAMEWORK_HEADER = YES;
				CLANG_WARN_RANGE_LOOP_ANALYSIS = YES;
				CLANG_WARN_STRICT_PROTOTYPES = YES;
				CLANG_WARN_SUSPICIOUS_MOVE = YES;
				CLANG_WARN_UNGUARDED_AVAILABILITY = YES_AGGRESSIVE;
				CLANG_WARN_UNREACHABLE_CODE = YES;
				CLANG_WARN__DUPLICATE_METHOD_MATCH = YES;
				COPY_PHASE_STRIP = NO;
				DEBUG_INFORMATION_FORMAT = dwarf;
				ENABLE_STRICT_OBJC_MSGSEND = YES;
				ENABLE_TESTABILITY = YES;
				GCC_C_LANGUAGE_STANDARD = gnu11;
				GCC_DYNAMIC_NO_PIC = NO;
				GCC_NO_COMMON_BLOCKS = YES;
				GCC_OPTIMIZATION_LEVEL = 0;
				GCC_PREPROCESSOR_DEFINITIONS = (
					"DEBUG=1",
					"$(inherited)",
				);
				GCC_WARN_64_TO_32_BIT_CONVERSION = YES;
				GCC_WARN_ABOUT_RETURN_TYPE = YES_ERROR;
				GCC_WARN_UNDECLARED_SELECTOR = YES;
				GCC_WARN_UNINITIALIZED_AUTOS = YES_AGGRESSIVE;
				GCC_WARN_UNUSED_FUNCTION = YES;
				GCC_WARN_UNUSED_VARIABLE = YES;
				MTL_ENABLE_DEBUG_INFO = INCLUDE_SOURCE;
				MTL_FAST_MATH = YES;
				ONLY_ACTIVE_ARCH = YES;
				SWIFT_ACTIVE_COMPILATION_CONDITIONS = DEBUG;
				SWIFT_OPTIMIZATION_LEVEL = "-Onone";
			};
			name = Debug;
		};
		2EE543742963395F0000DA21 /* Release */ = {
			isa = XCBuildConfiguration;
			buildSettings = {
				ALWAYS_SEARCH_USER_PATHS = NO;
				CLANG_ANALYZER_NONNULL = YES;
				CLANG_ANALYZER_NUMBER_OBJECT_CONVERSION = YES_AGGRESSIVE;
				CLANG_CXX_LANGUAGE_STANDARD = "gnu++20";
				CLANG_ENABLE_MODULES = YES;
				CLANG_ENABLE_OBJC_ARC = YES;
				CLANG_ENABLE_OBJC_WEAK = YES;
				CLANG_WARN_BLOCK_CAPTURE_AUTORELEASING = YES;
				CLANG_WARN_BOOL_CONVERSION = YES;
				CLANG_WARN_COMMA = YES;
				CLANG_WARN_CONSTANT_CONVERSION = YES;
				CLANG_WARN_DEPRECATED_OBJC_IMPLEMENTATIONS = YES;
				CLANG_WARN_DIRECT_OBJC_ISA_USAGE = YES_ERROR;
				CLANG_WARN_DOCUMENTATION_COMMENTS = YES;
				CLANG_WARN_EMPTY_BODY = YES;
				CLANG_WARN_ENUM_CONVERSION = YES;
				CLANG_WARN_INFINITE_RECURSION = YES;
				CLANG_WARN_INT_CONVERSION = YES;
				CLANG_WARN_NON_LITERAL_NULL_CONVERSION = YES;
				CLANG_WARN_OBJC_IMPLICIT_RETAIN_SELF = YES;
				CLANG_WARN_OBJC_LITERAL_CONVERSION = YES;
				CLANG_WARN_OBJC_ROOT_CLASS = YES_ERROR;
				CLANG_WARN_QUOTED_INCLUDE_IN_FRAMEWORK_HEADER = YES;
				CLANG_WARN_RANGE_LOOP_ANALYSIS = YES;
				CLANG_WARN_STRICT_PROTOTYPES = YES;
				CLANG_WARN_SUSPICIOUS_MOVE = YES;
				CLANG_WARN_UNGUARDED_AVAILABILITY = YES_AGGRESSIVE;
				CLANG_WARN_UNREACHABLE_CODE = YES;
				CLANG_WARN__DUPLICATE_METHOD_MATCH = YES;
				COPY_PHASE_STRIP = NO;
				DEBUG_INFORMATION_FORMAT = "dwarf-with-dsym";
				ENABLE_NS_ASSERTIONS = NO;
				ENABLE_STRICT_OBJC_MSGSEND = YES;
				GCC_C_LANGUAGE_STANDARD = gnu11;
				GCC_NO_COMMON_BLOCKS = YES;
				GCC_WARN_64_TO_32_BIT_CONVERSION = YES;
				GCC_WARN_ABOUT_RETURN_TYPE = YES_ERROR;
				GCC_WARN_UNDECLARED_SELECTOR = YES;
				GCC_WARN_UNINITIALIZED_AUTOS = YES_AGGRESSIVE;
				GCC_WARN_UNUSED_FUNCTION = YES;
				GCC_WARN_UNUSED_VARIABLE = YES;
				MTL_ENABLE_DEBUG_INFO = NO;
				MTL_FAST_MATH = YES;
				SWIFT_COMPILATION_MODE = wholemodule;
				SWIFT_OPTIMIZATION_LEVEL = "-O";
			};
			name = Release;
		};
		2EE543762963395F0000DA21 /* Debug */ = {
			isa = XCBuildConfiguration;
			buildSettings = {
				ASSETCATALOG_COMPILER_APPICON_NAME = AppIcon;
				ASSETCATALOG_COMPILER_GLOBAL_ACCENT_COLOR_NAME = AccentColor;
				CODE_SIGN_ENTITLEMENTS = SwiftUIDemo/SwiftUIDemo.entitlements;
				CODE_SIGN_STYLE = Automatic;
				CURRENT_PROJECT_VERSION = 1;
				DEVELOPMENT_ASSET_PATHS = "\"SwiftUIDemo/Preview Content\"";
				ENABLE_PREVIEWS = YES;
				GENERATE_INFOPLIST_FILE = YES;
				"INFOPLIST_KEY_UIApplicationSceneManifest_Generation[sdk=iphoneos*]" = YES;
				"INFOPLIST_KEY_UIApplicationSceneManifest_Generation[sdk=iphonesimulator*]" = YES;
				"INFOPLIST_KEY_UIApplicationSupportsIndirectInputEvents[sdk=iphoneos*]" = YES;
				"INFOPLIST_KEY_UIApplicationSupportsIndirectInputEvents[sdk=iphonesimulator*]" = YES;
				"INFOPLIST_KEY_UILaunchScreen_Generation[sdk=iphoneos*]" = YES;
				"INFOPLIST_KEY_UILaunchScreen_Generation[sdk=iphonesimulator*]" = YES;
				"INFOPLIST_KEY_UIStatusBarStyle[sdk=iphoneos*]" = UIStatusBarStyleDefault;
				"INFOPLIST_KEY_UIStatusBarStyle[sdk=iphonesimulator*]" = UIStatusBarStyleDefault;
				INFOPLIST_KEY_UISupportedInterfaceOrientations_iPad = "UIInterfaceOrientationPortrait UIInterfaceOrientationPortraitUpsideDown UIInterfaceOrientationLandscapeLeft UIInterfaceOrientationLandscapeRight";
				INFOPLIST_KEY_UISupportedInterfaceOrientations_iPhone = "UIInterfaceOrientationPortrait UIInterfaceOrientationLandscapeLeft UIInterfaceOrientationLandscapeRight";
				IPHONEOS_DEPLOYMENT_TARGET = 16.0;
				LD_RUNPATH_SEARCH_PATHS = "@executable_path/Frameworks";
				"LD_RUNPATH_SEARCH_PATHS[sdk=macosx*]" = "@executable_path/../Frameworks";
				MACOSX_DEPLOYMENT_TARGET = 12.3;
				MARKETING_VERSION = 1.0;
				PRODUCT_BUNDLE_IDENTIFIER = com.compass.bharath.swiftUI.SwiftUIDemo;
				PRODUCT_NAME = "$(TARGET_NAME)";
				SDKROOT = auto;
				SUPPORTED_PLATFORMS = "iphoneos iphonesimulator macosx";
				SWIFT_EMIT_LOC_STRINGS = YES;
				SWIFT_VERSION = 5.0;
				TARGETED_DEVICE_FAMILY = "1,2";
			};
			name = Debug;
		};
		2EE543772963395F0000DA21 /* Release */ = {
			isa = XCBuildConfiguration;
			buildSettings = {
				ASSETCATALOG_COMPILER_APPICON_NAME = AppIcon;
				ASSETCATALOG_COMPILER_GLOBAL_ACCENT_COLOR_NAME = AccentColor;
				CODE_SIGN_ENTITLEMENTS = SwiftUIDemo/SwiftUIDemo.entitlements;
				CODE_SIGN_STYLE = Automatic;
				CURRENT_PROJECT_VERSION = 1;
				DEVELOPMENT_ASSET_PATHS = "\"SwiftUIDemo/Preview Content\"";
				ENABLE_PREVIEWS = YES;
				GENERATE_INFOPLIST_FILE = YES;
				"INFOPLIST_KEY_UIApplicationSceneManifest_Generation[sdk=iphoneos*]" = YES;
				"INFOPLIST_KEY_UIApplicationSceneManifest_Generation[sdk=iphonesimulator*]" = YES;
				"INFOPLIST_KEY_UIApplicationSupportsIndirectInputEvents[sdk=iphoneos*]" = YES;
				"INFOPLIST_KEY_UIApplicationSupportsIndirectInputEvents[sdk=iphonesimulator*]" = YES;
				"INFOPLIST_KEY_UILaunchScreen_Generation[sdk=iphoneos*]" = YES;
				"INFOPLIST_KEY_UILaunchScreen_Generation[sdk=iphonesimulator*]" = YES;
				"INFOPLIST_KEY_UIStatusBarStyle[sdk=iphoneos*]" = UIStatusBarStyleDefault;
				"INFOPLIST_KEY_UIStatusBarStyle[sdk=iphonesimulator*]" = UIStatusBarStyleDefault;
				INFOPLIST_KEY_UISupportedInterfaceOrientations_iPad = "UIInterfaceOrientationPortrait UIInterfaceOrientationPortraitUpsideDown UIInterfaceOrientationLandscapeLeft UIInterfaceOrientationLandscapeRight";
				INFOPLIST_KEY_UISupportedInterfaceOrientations_iPhone = "UIInterfaceOrientationPortrait UIInterfaceOrientationLandscapeLeft UIInterfaceOrientationLandscapeRight";
				IPHONEOS_DEPLOYMENT_TARGET = 16.0;
				LD_RUNPATH_SEARCH_PATHS = "@executable_path/Frameworks";
				"LD_RUNPATH_SEARCH_PATHS[sdk=macosx*]" = "@executable_path/../Frameworks";
				MACOSX_DEPLOYMENT_TARGET = 12.3;
				MARKETING_VERSION = 1.0;
				PRODUCT_BUNDLE_IDENTIFIER = com.compass.bharath.swiftUI.SwiftUIDemo;
				PRODUCT_NAME = "$(TARGET_NAME)";
				SDKROOT = auto;
				SUPPORTED_PLATFORMS = "iphoneos iphonesimulator macosx";
				SWIFT_EMIT_LOC_STRINGS = YES;
				SWIFT_VERSION = 5.0;
				TARGETED_DEVICE_FAMILY = "1,2";
			};
			name = Release;
		};
		2EE543792963395F0000DA21 /* Debug */ = {
			isa = XCBuildConfiguration;
			buildSettings = {
				ALWAYS_EMBED_SWIFT_STANDARD_LIBRARIES = YES;
				BUNDLE_LOADER = "$(TEST_HOST)";
				CODE_SIGN_STYLE = Automatic;
				CURRENT_PROJECT_VERSION = 1;
				GENERATE_INFOPLIST_FILE = YES;
				IPHONEOS_DEPLOYMENT_TARGET = 16.0;
				MACOSX_DEPLOYMENT_TARGET = 12.3;
				MARKETING_VERSION = 1.0;
				PRODUCT_BUNDLE_IDENTIFIER = com.compass.bharath.swiftUI.SwiftUIDemoTests;
				PRODUCT_NAME = "$(TARGET_NAME)";
				SDKROOT = auto;
				SUPPORTED_PLATFORMS = "iphoneos iphonesimulator macosx";
				SWIFT_EMIT_LOC_STRINGS = NO;
				SWIFT_VERSION = 5.0;
				TARGETED_DEVICE_FAMILY = "1,2";
				TEST_HOST = "$(BUILT_PRODUCTS_DIR)/SwiftUIDemo.app/$(BUNDLE_EXECUTABLE_FOLDER_PATH)/SwiftUIDemo";
			};
			name = Debug;
		};
		2EE5437A2963395F0000DA21 /* Release */ = {
			isa = XCBuildConfiguration;
			buildSettings = {
				ALWAYS_EMBED_SWIFT_STANDARD_LIBRARIES = YES;
				BUNDLE_LOADER = "$(TEST_HOST)";
				CODE_SIGN_STYLE = Automatic;
				CURRENT_PROJECT_VERSION = 1;
				GENERATE_INFOPLIST_FILE = YES;
				IPHONEOS_DEPLOYMENT_TARGET = 16.0;
				MACOSX_DEPLOYMENT_TARGET = 12.3;
				MARKETING_VERSION = 1.0;
				PRODUCT_BUNDLE_IDENTIFIER = com.compass.bharath.swiftUI.SwiftUIDemoTests;
				PRODUCT_NAME = "$(TARGET_NAME)";
				SDKROOT = auto;
				SUPPORTED_PLATFORMS = "iphoneos iphonesimulator macosx";
				SWIFT_EMIT_LOC_STRINGS = NO;
				SWIFT_VERSION = 5.0;
				TARGETED_DEVICE_FAMILY = "1,2";
				TEST_HOST = "$(BUILT_PRODUCTS_DIR)/SwiftUIDemo.app/$(BUNDLE_EXECUTABLE_FOLDER_PATH)/SwiftUIDemo";
			};
			name = Release;
		};
		2EE5437C2963395F0000DA21 /* Debug */ = {
			isa = XCBuildConfiguration;
			buildSettings = {
				ALWAYS_EMBED_SWIFT_STANDARD_LIBRARIES = YES;
				CODE_SIGN_STYLE = Automatic;
				CURRENT_PROJECT_VERSION = 1;
				GENERATE_INFOPLIST_FILE = YES;
				IPHONEOS_DEPLOYMENT_TARGET = 16.0;
				MACOSX_DEPLOYMENT_TARGET = 12.3;
				MARKETING_VERSION = 1.0;
				PRODUCT_BUNDLE_IDENTIFIER = com.compass.bharath.swiftUI.SwiftUIDemoUITests;
				PRODUCT_NAME = "$(TARGET_NAME)";
				SDKROOT = auto;
				SUPPORTED_PLATFORMS = "iphoneos iphonesimulator macosx";
				SWIFT_EMIT_LOC_STRINGS = NO;
				SWIFT_VERSION = 5.0;
				TARGETED_DEVICE_FAMILY = "1,2";
				TEST_TARGET_NAME = SwiftUIDemo;
			};
			name = Debug;
		};
		2EE5437D2963395F0000DA21 /* Release */ = {
			isa = XCBuildConfiguration;
			buildSettings = {
				ALWAYS_EMBED_SWIFT_STANDARD_LIBRARIES = YES;
				CODE_SIGN_STYLE = Automatic;
				CURRENT_PROJECT_VERSION = 1;
				GENERATE_INFOPLIST_FILE = YES;
				IPHONEOS_DEPLOYMENT_TARGET = 16.0;
				MACOSX_DEPLOYMENT_TARGET = 12.3;
				MARKETING_VERSION = 1.0;
				PRODUCT_BUNDLE_IDENTIFIER = com.compass.bharath.swiftUI.SwiftUIDemoUITests;
				PRODUCT_NAME = "$(TARGET_NAME)";
				SDKROOT = auto;
				SUPPORTED_PLATFORMS = "iphoneos iphonesimulator macosx";
				SWIFT_EMIT_LOC_STRINGS = NO;
				SWIFT_VERSION = 5.0;
				TARGETED_DEVICE_FAMILY = "1,2";
				TEST_TARGET_NAME = SwiftUIDemo;
			};
			name = Release;
		};
/* End XCBuildConfiguration section */

/* Begin XCConfigurationList section */
		2EE5434B2963395D0000DA21 /* Build configuration list for PBXProject "SwiftUIDemo" */ = {
			isa = XCConfigurationList;
			buildConfigurations = (
				2EE543732963395F0000DA21 /* Debug */,
				2EE543742963395F0000DA21 /* Release */,
			);
			defaultConfigurationIsVisible = 0;
			defaultConfigurationName = Release;
		};
		2EE543752963395F0000DA21 /* Build configuration list for PBXNativeTarget "SwiftUIDemo" */ = {
			isa = XCConfigurationList;
			buildConfigurations = (
				2EE543762963395F0000DA21 /* Debug */,
				2EE543772963395F0000DA21 /* Release */,
			);
			defaultConfigurationIsVisible = 0;
			defaultConfigurationName = Release;
		};
		2EE543782963395F0000DA21 /* Build configuration list for PBXNativeTarget "SwiftUIDemoTests" */ = {
			isa = XCConfigurationList;
			buildConfigurations = (
				2EE543792963395F0000DA21 /* Debug */,
				2EE5437A2963395F0000DA21 /* Release */,
			);
			defaultConfigurationIsVisible = 0;
			defaultConfigurationName = Release;
		};
		2EE5437B2963395F0000DA21 /* Build configuration list for PBXNativeTarget "SwiftUIDemoUITests" */ = {
			isa = XCConfigurationList;
			buildConfigurations = (
				2EE5437C2963395F0000DA21 /* Debug */,
				2EE5437D2963395F0000DA21 /* Release */,
			);
			defaultConfigurationIsVisible = 0;
			defaultConfigurationName = Release;
		};
/* End XCConfigurationList section */
	};
	rootObject = 2EE543482963395D0000DA21 /* Project object */;
}
